
Microsoft Visual Studio Solution File, Format Version 12.00
# Visual Studio Version 17
VisualStudioVersion = 17.4.33122.133
MinimumVisualStudioVersion = 10.0.40219.1
Project("{FAE04EC0-301F-11D3-BF4B-00C04F79EFBC}") = "20230827_LinqMetod", "20230827_LinqMetod\20230827_LinqMetod.csproj", "{80587B9C-50A7-480E-8CD1-4B0C091C645B}"
EndProject
Global
	GlobalSection(SolutionConfigurationPlatforms) = preSolution
		Debug|Any CPU = Debug|Any CPU
		Release|Any CPU = Release|Any CPU
	EndGlobalSection
	GlobalSection(ProjectConfigurationPlatforms) = postSolution
		{80587B9C-50A7-480E-8CD1-4B0C091C645B}.Debug|Any CPU.ActiveCfg = Debug|Any CPU
		{80587B9C-50A7-480E-8CD1-4B0C091C645B}.Debug|Any CPU.Build.0 = Debug|Any CPU
		{80587B9C-50A7-480E-8CD1-4B0C091C645B}.Release|Any CPU.ActiveCfg = Release|Any CPU
		{80587B9C-50A7-480E-8CD1-4B0C091C645B}.Release|Any CPU.Build.0 = Release|Any CPU
	EndGlobalSection
	GlobalSection(SolutionProperties) = preSolution
		HideSolutionNode = FALSE
	EndGlobalSection
	GlobalSection(ExtensibilityGlobals) = postSolution
		SolutionGuid = {868F6CB7-4727-4869-BED0-D9EFAB053C30}
	EndGlobalSection
EndGlobal
